# This file is autogenerated, do not edit; changes may be undone by the next 'dep ensure'.


[[projects]]
  name = "github.com/NYTimes/gziphandler"
  packages = ["."]
  revision = "2600fb119af974220d3916a5916d6e31176aac1b"
  version = "v1.0.1"

[[projects]]
  name = "github.com/matryer/is"
  packages = ["."]
  revision = "5f0030ca4decdf2e702be47575d88eabf610593e"
  version = "v1.1.0"

[[projects]]
  name = "github.com/nogoegst/frontier"
  packages = ["."]
  revision = "e0c41d1be9ad5116d0f6e0ea2e7c142f7faa27a9"
  version = "v0.2.0"

[[projects]]
  name = "github.com/rs/zerolog"
  packages = [
    ".",
    "internal/cbor",
    "internal/json",
    "log"
  ]
  revision = "05eafee0eb17d0150591a8f30f0fa592cc9b7471"
  version = "v1.6.0"

[[projects]]
  branch = "master"
  name = "golang.org/x/net"
  packages = [
    "html",
    "html/atom"
  ]
  revision = "5f9ae10d9af5b1c89ae6904293b14b064d4ada23"

[solve-meta]
  analyzer-name = "dep"
  analyzer-version = 1
  inputs-digest = "382c32993d5f9a8d4f5c344fad62d60d0ca38d9c83a40d080070cca351f0bdff"
  solver-name = "gps-cdcl"
  solver-version = 1
